[[tools.hk]]
version = "1.24.1"
backend = "aqua:jdx/hk"

[tools.hk.platforms.macos-arm64]
checksum = "sha256:83a4432d948fb56d0420077cec0205f0a7396e3a0b79c93baf26cef6211b1635"
size = 6287577
url = "https://github.com/jdx/hk/releases/download/v1.24.1/hk-aarch64-apple-darwin.tar.gz"

[[tools.node]]
version = "24.11.1"
backend = "core:node"

[tools.node.platforms.macos-arm64]
checksum = "sha256:b05aa3a66efe680023f930bd5af3fdbbd542794da5644ca2ad711d68cbd4dc35"
size = 51177814
url = "https://nodejs.org/dist/v24.11.1/node-v24.11.1-darwin-arm64.tar.gz"

[[tools."pipx:basedpyright"]]
version = "1.34.0"
backend = "pipx:basedpyright"

[[tools.pkl]]
version = "0.30.0"
backend = "aqua:apple/pkl"

[[tools.ruff]]
version = "0.14.6"
backend = "aqua:astral-sh/ruff"

[tools.ruff.platforms.macos-arm64]
checksum = "sha256:b2ace677f51d0f2b91ca27d312ac8b069658502049015f4891c16f8864136282"
size = 12135363
url = "https://github.com/astral-sh/ruff/releases/download/0.14.6/ruff-aarch64-apple-darwin.tar.gz"

[[tools.uv]]
version = "0.9.11"
backend = "aqua:astral-sh/uv"

[tools.uv.platforms.macos-arm64]
checksum = "sha256:594d9f4cfbd21d5a2f34b0352bf423066a9dab1733c90b5d40e3e227506deb03"
size = 18409829
url = "https://github.com/astral-sh/uv/releases/download/0.9.11/uv-aarch64-apple-darwin.tar.gz"
