[[tools."aqua:rvben/rumdl"]]
version = "0.0.189"
backend = "aqua:rvben/rumdl"
env = ["macos"]
"platforms.linux-arm64" = { checksum = "sha256:845ad68fea13441cc9a6dd781872c030fcdae9e7ea17a76b9889d82be2d77079", url = "https://github.com/rvben/rumdl/releases/download/v0.0.189/rumdl-v0.0.189-aarch64-unknown-linux-musl.tar.gz"}
"platforms.linux-x64" = { checksum = "sha256:16ce5227ed1cd8e93241e4e831024784f7b3349dad37fb6eb92fbd3e4c5f8b5c", url = "https://github.com/rvben/rumdl/releases/download/v0.0.189/rumdl-v0.0.189-x86_64-unknown-linux-musl.tar.gz"}
"platforms.macos-arm64" = { checksum = "sha256:6a165accfb6004c6b45656f976844ae4e6c9ed16c2d1f8fbfafe9a0bec7147b1", url = "https://github.com/rvben/rumdl/releases/download/v0.0.189/rumdl-v0.0.189-aarch64-apple-darwin.tar.gz"}
"platforms.macos-x64" = { checksum = "sha256:fa0f1cbeb9a66df64926ac3bb8d138bc295e2d47c4724dbc7dce927dbd377ebf", url = "https://github.com/rvben/rumdl/releases/download/v0.0.189/rumdl-v0.0.189-x86_64-apple-darwin.tar.gz"}
"platforms.windows-x64" = { checksum = "sha256:f8ddeecd1f15467ae86b12eebca89d39c1674053dcf9746ca14202d88a6f7baf", url = "https://github.com/rvben/rumdl/releases/download/v0.0.189/rumdl-v0.0.189-x86_64-pc-windows-msvc.zip"}

[[tools.clang-format]]
version = "21.1.7"
backend = "asdf:clang-format"

[[tools.hk]]
version = "1.26.0"
backend = "aqua:jdx/hk"
"platforms.linux-arm64" = { checksum = "sha256:7e235dabf4fe5a6445a89dff8f7cdb0fe7543ec6cef3201a9d3a5338d4d8066b", url = "https://github.com/jdx/hk/releases/download/v1.26.0/hk-aarch64-unknown-linux-gnu.tar.gz"}
"platforms.linux-x64" = { checksum = "sha256:65c5508b13b6e3c2b3401e0e07205e413d35b5432aec4854e66fed500c635226", url = "https://github.com/jdx/hk/releases/download/v1.26.0/hk-x86_64-unknown-linux-gnu.tar.gz"}
"platforms.macos-arm64" = { checksum = "sha256:923763567753e9dc26ea13a052bf8252664539c8a19521b09482c404e4f187e8", url = "https://github.com/jdx/hk/releases/download/v1.26.0/hk-aarch64-apple-darwin.tar.gz"}
"platforms.windows-x64" = { checksum = "sha256:4aa59cd5746b9dc82762ed8fdb0ae24d4d15bf09f634af590a2f39de2a157d9f", url = "https://github.com/jdx/hk/releases/download/v1.26.0/hk-x86_64-pc-windows-msvc.zip"}

[[tools.node]]
version = "24.11.1"
backend = "core:node"
"platforms.linux-arm64" = { checksum = "sha256:0dc93ec5c798b0d347f068db6d205d03dea9a71765e6a53922b682b91265d71f", url = "https://nodejs.org/dist/v24.11.1/node-v24.11.1-linux-arm64.tar.gz"}
"platforms.linux-x64" = { checksum = "sha256:58a5ff5cc8f2200e458bea22e329d5c1994aa1b111d499ca46ec2411d58239ca", url = "https://nodejs.org/dist/v24.11.1/node-v24.11.1-linux-x64.tar.gz"}
"platforms.macos-arm64" = { checksum = "sha256:b05aa3a66efe680023f930bd5af3fdbbd542794da5644ca2ad711d68cbd4dc35", url = "https://nodejs.org/dist/v24.11.1/node-v24.11.1-darwin-arm64.tar.gz"}
"platforms.macos-x64" = { checksum = "sha256:096081b6d6fcdd3f5ba0f5f1d44a47e83037ad2e78eada26671c252fe64dd111", url = "https://nodejs.org/dist/v24.11.1/node-v24.11.1-darwin-x64.tar.gz"}
"platforms.windows-x64" = { checksum = "sha256:5355ae6d7c49eddcfde7d34ac3486820600a831bf81dc3bdca5c8db6a9bb0e76", url = "https://nodejs.org/dist/v24.11.1/node-v24.11.1-win-x64.zip"}

[[tools."pipx:basedpyright"]]
version = "1.35.0"
backend = "pipx:basedpyright"

[[tools.pkl]]
version = "0.30.1"
backend = "aqua:apple/pkl"
"platforms.linux-arm64" = { checksum = "sha256:fe128f0deae07d8917a1589c86cb7e74477bdf1f8ee0a8e2a574b9c3ffd4554d", url = "https://github.com/apple/pkl/releases/download/0.30.1/pkl-linux-aarch64"}
"platforms.linux-x64" = { checksum = "sha256:767a21826e0c151828a57aa42ccdce77feec3f8fd4970a7ea324a52b1773b449", url = "https://github.com/apple/pkl/releases/download/0.30.1/pkl-linux-amd64"}
"platforms.macos-arm64" = { checksum = "sha256:9eb599df76dfe80b0f813180ed73f76a5feb316f2f8816714700ba5b6ab995c0", url = "https://github.com/apple/pkl/releases/download/0.30.1/pkl-macos-aarch64"}
"platforms.macos-x64" = { checksum = "sha256:a0e0d8444015c542e44a86032ae2854be03cb89a6848465860ea83fdb82f2307", url = "https://github.com/apple/pkl/releases/download/0.30.1/pkl-macos-amd64"}
"platforms.windows-x64" = { checksum = "sha256:2ac9dcd922d5654d202eaebe52b667db3c00c523f52562dd95841347e11a65cd", url = "https://github.com/apple/pkl/releases/download/0.30.1/pkl-windows-amd64.exe"}

[[tools.ruff]]
version = "0.14.8"
backend = "aqua:astral-sh/ruff"
"platforms.linux-arm64" = { checksum = "sha256:0b3464f54fa56f514c29e92bcf05867b914ad6c246e2ddbe4cce5c0700f2a3d9", url = "https://github.com/astral-sh/ruff/releases/download/0.14.8/ruff-aarch64-unknown-linux-musl.tar.gz"}
"platforms.linux-x64" = { checksum = "sha256:0f5496a3d2413b3cb85bbf9e4a6f95b5db127ac10989ecb3d8c0c0a0a74a892b", url = "https://github.com/astral-sh/ruff/releases/download/0.14.8/ruff-x86_64-unknown-linux-musl.tar.gz"}
"platforms.macos-arm64" = { checksum = "sha256:4efc019832a6b9225f650ee256d31b2e875021cae662963d533c78b5cf865f52", url = "https://github.com/astral-sh/ruff/releases/download/0.14.8/ruff-aarch64-apple-darwin.tar.gz"}
"platforms.macos-x64" = { checksum = "sha256:c53af0ba3cbc5e9e8f7768d28a7ff2d0795843e39302891093227bc6df343e94", url = "https://github.com/astral-sh/ruff/releases/download/0.14.8/ruff-x86_64-apple-darwin.tar.gz"}
"platforms.windows-x64" = { checksum = "sha256:a837e98f5e6a21222a896f60521f563aea2c686a07cad17da9f5b5f2c4e04f8a", url = "https://github.com/astral-sh/ruff/releases/download/0.14.8/ruff-x86_64-pc-windows-msvc.zip"}

[[tools.uv]]
version = "0.9.15"
backend = "aqua:astral-sh/uv"
"platforms.linux-arm64" = { checksum = "sha256:41f6ef4f86e9f8015bc31e9ca4fd44a6e2c80fc0b75d6eb74063f64ca15177c7", url = "https://github.com/astral-sh/uv/releases/download/0.9.15/uv-aarch64-unknown-linux-musl.tar.gz"}
"platforms.linux-x64" = { checksum = "sha256:7037889adb182ce50379b3a789154ad6be00397b892fec9e93e11c457945aec0", url = "https://github.com/astral-sh/uv/releases/download/0.9.15/uv-x86_64-unknown-linux-musl.tar.gz"}
"platforms.macos-arm64" = { checksum = "sha256:388029510fdf64771745e9fb85cd6ec042580678a9e61c90fe355301f1c42f1e", url = "https://github.com/astral-sh/uv/releases/download/0.9.15/uv-aarch64-apple-darwin.tar.gz"}
"platforms.macos-x64" = { checksum = "sha256:a7d9ae35ce2d192cb0356f07439cfc6768d4dff8e95ae69f821e8fbe7bcb0e09", url = "https://github.com/astral-sh/uv/releases/download/0.9.15/uv-x86_64-apple-darwin.tar.gz"}
"platforms.windows-x64" = { checksum = "sha256:a6887c93a54c46de7dcc0bc798f84a130d7f411124ad43252716f75d0c2c33e0", url = "https://github.com/astral-sh/uv/releases/download/0.9.15/uv-x86_64-pc-windows-msvc.zip"}
